
Microsoft Visual Studio Solution File, Format Version 12.00
# Visual Studio Version 16
VisualStudioVersion = 16.0.28407.52
MinimumVisualStudioVersion = 10.0.40219.1
Project("{9A19103F-16F7-4668-BE54-9A1E7A4F7556}") = "Service", "Service\Service.csproj", "{2364116D-B85E-4B2A-BB69-92AC48DF83B6}"
EndProject
Project("{9A19103F-16F7-4668-BE54-9A1E7A4F7556}") = "ConsoleClient", "ConsoleClient\ConsoleClient.csproj", "{19BEC623-F563-4771-89C2-E47769A07AA6}"
EndProject
Project("{9A19103F-16F7-4668-BE54-9A1E7A4F7556}") = "MvcClient", "MvcClient\MvcClient.csproj", "{386B678B-0F70-4DDE-8A71-19719280C465}"
EndProject
Project("{9A19103F-16F7-4668-BE54-9A1E7A4F7556}") = "ProtectAPI", "ProtectAPI\ProtectAPI.csproj", "{FE66E0F1-94D1-4E94-8A07-FC511F4D276B}"
EndProject
Project("{9A19103F-16F7-4668-BE54-9A1E7A4F7556}") = "JavaScriptClient", "JavaScriptClient\JavaScriptClient.csproj", "{4E4FF730-326A-4A53-9FB9-216D0089960E}"
EndProject
Project("{9A19103F-16F7-4668-BE54-9A1E7A4F7556}") = "IdentityServerAspNetIdentity", "IdentityServerAspNetIdentity\IdentityServerAspNetIdentity.csproj", "{C412962C-FE9A-437E-8B50-A462F29AA329}"
EndProject
Project("{FAE04EC0-301F-11D3-BF4B-00C04F79EFBC}") = "KeycloakDemo", "KeycloakDemo\KeycloakDemo.csproj", "{70627D11-DB48-4280-A3C3-0E02DA21D9F3}"
EndProject
Global
	GlobalSection(SolutionConfigurationPlatforms) = preSolution
		Debug|Any CPU = Debug|Any CPU
		Release|Any CPU = Release|Any CPU
	EndGlobalSection
	GlobalSection(ProjectConfigurationPlatforms) = postSolution
		{2364116D-B85E-4B2A-BB69-92AC48DF83B6}.Debug|Any CPU.ActiveCfg = Debug|Any CPU
		{2364116D-B85E-4B2A-BB69-92AC48DF83B6}.Debug|Any CPU.Build.0 = Debug|Any CPU
		{2364116D-B85E-4B2A-BB69-92AC48DF83B6}.Release|Any CPU.ActiveCfg = Release|Any CPU
		{2364116D-B85E-4B2A-BB69-92AC48DF83B6}.Release|Any CPU.Build.0 = Release|Any CPU
		{19BEC623-F563-4771-89C2-E47769A07AA6}.Debug|Any CPU.ActiveCfg = Debug|Any CPU
		{19BEC623-F563-4771-89C2-E47769A07AA6}.Debug|Any CPU.Build.0 = Debug|Any CPU
		{19BEC623-F563-4771-89C2-E47769A07AA6}.Release|Any CPU.ActiveCfg = Release|Any CPU
		{19BEC623-F563-4771-89C2-E47769A07AA6}.Release|Any CPU.Build.0 = Release|Any CPU
		{386B678B-0F70-4DDE-8A71-19719280C465}.Debug|Any CPU.ActiveCfg = Debug|Any CPU
		{386B678B-0F70-4DDE-8A71-19719280C465}.Debug|Any CPU.Build.0 = Debug|Any CPU
		{386B678B-0F70-4DDE-8A71-19719280C465}.Release|Any CPU.ActiveCfg = Release|Any CPU
		{386B678B-0F70-4DDE-8A71-19719280C465}.Release|Any CPU.Build.0 = Release|Any CPU
		{FE66E0F1-94D1-4E94-8A07-FC511F4D276B}.Debug|Any CPU.ActiveCfg = Debug|Any CPU
		{FE66E0F1-94D1-4E94-8A07-FC511F4D276B}.Debug|Any CPU.Build.0 = Debug|Any CPU
		{FE66E0F1-94D1-4E94-8A07-FC511F4D276B}.Release|Any CPU.ActiveCfg = Release|Any CPU
		{FE66E0F1-94D1-4E94-8A07-FC511F4D276B}.Release|Any CPU.Build.0 = Release|Any CPU
		{4E4FF730-326A-4A53-9FB9-216D0089960E}.Debug|Any CPU.ActiveCfg = Debug|Any CPU
		{4E4FF730-326A-4A53-9FB9-216D0089960E}.Debug|Any CPU.Build.0 = Debug|Any CPU
		{4E4FF730-326A-4A53-9FB9-216D0089960E}.Release|Any CPU.ActiveCfg = Release|Any CPU
		{4E4FF730-326A-4A53-9FB9-216D0089960E}.Release|Any CPU.Build.0 = Release|Any CPU
		{C412962C-FE9A-437E-8B50-A462F29AA329}.Debug|Any CPU.ActiveCfg = Debug|Any CPU
		{C412962C-FE9A-437E-8B50-A462F29AA329}.Debug|Any CPU.Build.0 = Debug|Any CPU
		{C412962C-FE9A-437E-8B50-A462F29AA329}.Release|Any CPU.ActiveCfg = Release|Any CPU
		{C412962C-FE9A-437E-8B50-A462F29AA329}.Release|Any CPU.Build.0 = Release|Any CPU
		{70627D11-DB48-4280-A3C3-0E02DA21D9F3}.Debug|Any CPU.ActiveCfg = Debug|Any CPU
		{70627D11-DB48-4280-A3C3-0E02DA21D9F3}.Debug|Any CPU.Build.0 = Debug|Any CPU
		{70627D11-DB48-4280-A3C3-0E02DA21D9F3}.Release|Any CPU.ActiveCfg = Release|Any CPU
		{70627D11-DB48-4280-A3C3-0E02DA21D9F3}.Release|Any CPU.Build.0 = Release|Any CPU
	EndGlobalSection
	GlobalSection(SolutionProperties) = preSolution
		HideSolutionNode = FALSE
	EndGlobalSection
	GlobalSection(ExtensibilityGlobals) = postSolution
		SolutionGuid = {8CF9F82D-226D-4813-854C-C61BEEE83D47}
	EndGlobalSection
EndGlobal
