
Microsoft Visual Studio Solution File, Format Version 12.00
# Visual Studio Version 16
VisualStudioVersion = 16.0.28407.52
MinimumVisualStudioVersion = 10.0.40219.1
Project("{FAE04EC0-301F-11D3-BF4B-00C04F79EFBC}") = "Service", "Service\Service.csproj", "{2364116D-B85E-4B2A-BB69-92AC48DF83B6}"
EndProject
Global
	GlobalSection(SolutionConfigurationPlatforms) = preSolution
		Debug|Any CPU = Debug|Any CPU
		Release|Any CPU = Release|Any CPU
	EndGlobalSection
	GlobalSection(ProjectConfigurationPlatforms) = postSolution
		{2364116D-B85E-4B2A-BB69-92AC48DF83B6}.Debug|Any CPU.ActiveCfg = Debug|Any CPU
		{2364116D-B85E-4B2A-BB69-92AC48DF83B6}.Debug|Any CPU.Build.0 = Debug|Any CPU
		{2364116D-B85E-4B2A-BB69-92AC48DF83B6}.Release|Any CPU.ActiveCfg = Release|Any CPU
		{2364116D-B85E-4B2A-BB69-92AC48DF83B6}.Release|Any CPU.Build.0 = Release|Any CPU
	EndGlobalSection
	GlobalSection(SolutionProperties) = preSolution
		HideSolutionNode = FALSE
	EndGlobalSection
	GlobalSection(ExtensibilityGlobals) = postSolution
		SolutionGuid = {8CF9F82D-226D-4813-854C-C61BEEE83D47}
	EndGlobalSection
EndGlobal
